# This file is autogenerated, do not edit; changes may be undone by the next 'dep ensure'.


[[projects]]
  branch = "master"
  digest = "1:72938f5cbc0208313aebf204dce11bc3ef2fad9453d89818656406e15fd38035"
  name = "github.com/andlabs/ui"
  packages = [
    ".",
    "winmanifest",
  ]
  pruneopts = "UT"
  revision = "867a9e5a498d85e2722730ed88c5f00560c7c354"

[solve-meta]
  analyzer-name = "dep"
  analyzer-version = 1
  input-imports = [
    "github.com/andlabs/ui",
    "github.com/andlabs/ui/winmanifest",
  ]
  solver-name = "gps-cdcl"
  solver-version = 1
